
Microsoft Visual Studio Solution File, Format Version 12.00
# Visual Studio Version 17
VisualStudioVersion = 17.5.33414.496
MinimumVisualStudioVersion = 10.0.40219.1
Project("{FAE04EC0-301F-11D3-BF4B-00C04F79EFBC}") = "Blazor.Server", "Server\Blazor.Server.csproj", "{84A103BA-496C-4826-BF00-679356AAF0FF}"
EndProject
Project("{FAE04EC0-301F-11D3-BF4B-00C04F79EFBC}") = "Blazor.Client", "Client\Blazor.Client.csproj", "{DF9F5F46-E804-4012-89D6-D8B1D2481FDF}"
EndProject
Project("{FAE04EC0-301F-11D3-BF4B-00C04F79EFBC}") = "Blazor.Shared", "Shared\Blazor.Shared.csproj", "{20CB5C42-FD7C-4EF8-9A6E-55CC9CF48BCB}"
EndProject
Global
	GlobalSection(SolutionConfigurationPlatforms) = preSolution
		Debug|Any CPU = Debug|Any CPU
		Release|Any CPU = Release|Any CPU
	EndGlobalSection
	GlobalSection(ProjectConfigurationPlatforms) = postSolution
		{84A103BA-496C-4826-BF00-679356AAF0FF}.Debug|Any CPU.ActiveCfg = Debug|Any CPU
		{84A103BA-496C-4826-BF00-679356AAF0FF}.Debug|Any CPU.Build.0 = Debug|Any CPU
		{84A103BA-496C-4826-BF00-679356AAF0FF}.Release|Any CPU.ActiveCfg = Release|Any CPU
		{84A103BA-496C-4826-BF00-679356AAF0FF}.Release|Any CPU.Build.0 = Release|Any CPU
		{DF9F5F46-E804-4012-89D6-D8B1D2481FDF}.Debug|Any CPU.ActiveCfg = Debug|Any CPU
		{DF9F5F46-E804-4012-89D6-D8B1D2481FDF}.Debug|Any CPU.Build.0 = Debug|Any CPU
		{DF9F5F46-E804-4012-89D6-D8B1D2481FDF}.Release|Any CPU.ActiveCfg = Release|Any CPU
		{DF9F5F46-E804-4012-89D6-D8B1D2481FDF}.Release|Any CPU.Build.0 = Release|Any CPU
		{20CB5C42-FD7C-4EF8-9A6E-55CC9CF48BCB}.Debug|Any CPU.ActiveCfg = Debug|Any CPU
		{20CB5C42-FD7C-4EF8-9A6E-55CC9CF48BCB}.Debug|Any CPU.Build.0 = Debug|Any CPU
		{20CB5C42-FD7C-4EF8-9A6E-55CC9CF48BCB}.Release|Any CPU.ActiveCfg = Release|Any CPU
		{20CB5C42-FD7C-4EF8-9A6E-55CC9CF48BCB}.Release|Any CPU.Build.0 = Release|Any CPU
	EndGlobalSection
	GlobalSection(SolutionProperties) = preSolution
		HideSolutionNode = FALSE
	EndGlobalSection
	GlobalSection(ExtensibilityGlobals) = postSolution
		SolutionGuid = {FB2CA4BC-AB7F-4B3B-9AF2-84CB235514C0}
	EndGlobalSection
EndGlobal
